
Microsoft Visual Studio Solution File, Format Version 12.00
# Visual Studio Version 17
VisualStudioVersion = 17.3.32505.426
MinimumVisualStudioVersion = 10.0.40219.1
Project("{9A19103F-16F7-4668-BE54-9A1E7A4F7556}") = "EFCoreBug", "EFCoreBug\EFCoreBug.csproj", "{24935E46-9520-469A-91FE-D5C1A61C1D12}"
EndProject
Project("{9A19103F-16F7-4668-BE54-9A1E7A4F7556}") = "EFCoreWorks", "EFCoreWorks\EFCoreWorks.csproj", "{E421E59B-D2C8-4B26-A3CD-9B28C731D302}"
EndProject
Global
	GlobalSection(SolutionConfigurationPlatforms) = preSolution
		Debug|Any CPU = Debug|Any CPU
		Release|Any CPU = Release|Any CPU
	EndGlobalSection
	GlobalSection(ProjectConfigurationPlatforms) = postSolution
		{24935E46-9520-469A-91FE-D5C1A61C1D12}.Debug|Any CPU.ActiveCfg = Debug|Any CPU
		{24935E46-9520-469A-91FE-D5C1A61C1D12}.Debug|Any CPU.Build.0 = Debug|Any CPU
		{24935E46-9520-469A-91FE-D5C1A61C1D12}.Release|Any CPU.ActiveCfg = Release|Any CPU
		{24935E46-9520-469A-91FE-D5C1A61C1D12}.Release|Any CPU.Build.0 = Release|Any CPU
		{E421E59B-D2C8-4B26-A3CD-9B28C731D302}.Debug|Any CPU.ActiveCfg = Debug|Any CPU
		{E421E59B-D2C8-4B26-A3CD-9B28C731D302}.Debug|Any CPU.Build.0 = Debug|Any CPU
		{E421E59B-D2C8-4B26-A3CD-9B28C731D302}.Release|Any CPU.ActiveCfg = Release|Any CPU
		{E421E59B-D2C8-4B26-A3CD-9B28C731D302}.Release|Any CPU.Build.0 = Release|Any CPU
	EndGlobalSection
	GlobalSection(SolutionProperties) = preSolution
		HideSolutionNode = FALSE
	EndGlobalSection
	GlobalSection(ExtensibilityGlobals) = postSolution
		SolutionGuid = {68A411D5-EB27-4047-9E66-5612F3DFF66E}
	EndGlobalSection
EndGlobal
